
Microsoft Visual Studio Solution File, Format Version 12.00
# Visual Studio Version 17
VisualStudioVersion = 17.7.34009.444
MinimumVisualStudioVersion = 10.0.40219.1
Project("{9A19103F-16F7-4668-BE54-9A1E7A4F7556}") = "Ubik.Accounting.Api", "Ubik.Accounting.Api.csproj", "{F28CD602-E518-42F1-9CAC-C73C410557A9}"
EndProject
Project("{9A19103F-16F7-4668-BE54-9A1E7A4F7556}") = "Ubik.DB.Common", "..\Ubik.Db.Common\Ubik.DB.Common\Ubik.DB.Common.csproj", "{9C4F6F38-A0EF-483C-8274-C020E4769136}"
EndProject
Project("{9A19103F-16F7-4668-BE54-9A1E7A4F7556}") = "Ubik.ApiService.Common", "..\Ubik.ApiService.Common\Ubik.ApiService.Common.csproj", "{3FF5E747-6CCD-4BB0-8F3D-9DEBA5E8382B}"
EndProject
Project("{FAE04EC0-301F-11D3-BF4B-00C04F79EFBC}") = "Ubik.Accounting.Api.Test", "..\Ubik.Accounting.Api.Test\Ubik.Accounting.Api.Test.csproj", "{6DCD2D40-2CAC-425F-B980-D4E75C95D012}"
EndProject
Global
	GlobalSection(SolutionConfigurationPlatforms) = preSolution
		Debug|Any CPU = Debug|Any CPU
		Release|Any CPU = Release|Any CPU
	EndGlobalSection
	GlobalSection(ProjectConfigurationPlatforms) = postSolution
		{F28CD602-E518-42F1-9CAC-C73C410557A9}.Debug|Any CPU.ActiveCfg = Debug|Any CPU
		{F28CD602-E518-42F1-9CAC-C73C410557A9}.Debug|Any CPU.Build.0 = Debug|Any CPU
		{F28CD602-E518-42F1-9CAC-C73C410557A9}.Release|Any CPU.ActiveCfg = Release|Any CPU
		{F28CD602-E518-42F1-9CAC-C73C410557A9}.Release|Any CPU.Build.0 = Release|Any CPU
		{9C4F6F38-A0EF-483C-8274-C020E4769136}.Debug|Any CPU.ActiveCfg = Debug|Any CPU
		{9C4F6F38-A0EF-483C-8274-C020E4769136}.Debug|Any CPU.Build.0 = Debug|Any CPU
		{9C4F6F38-A0EF-483C-8274-C020E4769136}.Release|Any CPU.ActiveCfg = Release|Any CPU
		{9C4F6F38-A0EF-483C-8274-C020E4769136}.Release|Any CPU.Build.0 = Release|Any CPU
		{3FF5E747-6CCD-4BB0-8F3D-9DEBA5E8382B}.Debug|Any CPU.ActiveCfg = Debug|Any CPU
		{3FF5E747-6CCD-4BB0-8F3D-9DEBA5E8382B}.Debug|Any CPU.Build.0 = Debug|Any CPU
		{3FF5E747-6CCD-4BB0-8F3D-9DEBA5E8382B}.Release|Any CPU.ActiveCfg = Release|Any CPU
		{3FF5E747-6CCD-4BB0-8F3D-9DEBA5E8382B}.Release|Any CPU.Build.0 = Release|Any CPU
		{6DCD2D40-2CAC-425F-B980-D4E75C95D012}.Debug|Any CPU.ActiveCfg = Debug|Any CPU
		{6DCD2D40-2CAC-425F-B980-D4E75C95D012}.Debug|Any CPU.Build.0 = Debug|Any CPU
		{6DCD2D40-2CAC-425F-B980-D4E75C95D012}.Release|Any CPU.ActiveCfg = Release|Any CPU
		{6DCD2D40-2CAC-425F-B980-D4E75C95D012}.Release|Any CPU.Build.0 = Release|Any CPU
	EndGlobalSection
	GlobalSection(SolutionProperties) = preSolution
		HideSolutionNode = FALSE
	EndGlobalSection
	GlobalSection(ExtensibilityGlobals) = postSolution
		SolutionGuid = {827FEA03-D3A6-43E1-8DF5-6B49F581A72F}
	EndGlobalSection
EndGlobal
